
Microsoft Visual Studio Solution File, Format Version 12.00
# Visual Studio Version 17
VisualStudioVersion = 17.11.35327.3
MinimumVisualStudioVersion = 10.0.40219.1
Project("{FAE04EC0-301F-11D3-BF4B-00C04F79EFBC}") = "Dobranis_Denis_Lab1", "Dobranis_Denis_Lab1\Dobranis_Denis_Lab1.csproj", "{56D6A857-C5F5-482B-AF89-B9D12A0C75A1}"
EndProject
Global
	GlobalSection(SolutionConfigurationPlatforms) = preSolution
		Debug|Any CPU = Debug|Any CPU
		Release|Any CPU = Release|Any CPU
	EndGlobalSection
	GlobalSection(ProjectConfigurationPlatforms) = postSolution
		{56D6A857-C5F5-482B-AF89-B9D12A0C75A1}.Debug|Any CPU.ActiveCfg = Debug|Any CPU
		{56D6A857-C5F5-482B-AF89-B9D12A0C75A1}.Debug|Any CPU.Build.0 = Debug|Any CPU
		{56D6A857-C5F5-482B-AF89-B9D12A0C75A1}.Release|Any CPU.ActiveCfg = Release|Any CPU
		{56D6A857-C5F5-482B-AF89-B9D12A0C75A1}.Release|Any CPU.Build.0 = Release|Any CPU
	EndGlobalSection
	GlobalSection(SolutionProperties) = preSolution
		HideSolutionNode = FALSE
	EndGlobalSection
	GlobalSection(ExtensibilityGlobals) = postSolution
		SolutionGuid = {08FF0A1F-EF14-47C0-8567-41C639A5C284}
	EndGlobalSection
EndGlobal
